
Microsoft Visual Studio Solution File, Format Version 12.00
# Visual Studio 15
VisualStudioVersion = 15.0.28307.168
MinimumVisualStudioVersion = 10.0.40219.1
Project("{FAE04EC0-301F-11D3-BF4B-00C04F79EFBC}") = "Blogger", "Blogger\Blogger.csproj", "{548B2610-D42E-469B-AB9D-68EE36A93F5C}"
EndProject
Global
	GlobalSection(SolutionConfigurationPlatforms) = preSolution
		Debug|Any CPU = Debug|Any CPU
		Release|Any CPU = Release|Any CPU
	EndGlobalSection
	GlobalSection(ProjectConfigurationPlatforms) = postSolution
		{548B2610-D42E-469B-AB9D-68EE36A93F5C}.Debug|Any CPU.ActiveCfg = Debug|Any CPU
		{548B2610-D42E-469B-AB9D-68EE36A93F5C}.Debug|Any CPU.Build.0 = Debug|Any CPU
		{548B2610-D42E-469B-AB9D-68EE36A93F5C}.Release|Any CPU.ActiveCfg = Release|Any CPU
		{548B2610-D42E-469B-AB9D-68EE36A93F5C}.Release|Any CPU.Build.0 = Release|Any CPU
	EndGlobalSection
	GlobalSection(SolutionProperties) = preSolution
		HideSolutionNode = FALSE
	EndGlobalSection
	GlobalSection(ExtensibilityGlobals) = postSolution
		SolutionGuid = {935BEF2C-4CDC-4E25-A9DC-096A455DB852}
	EndGlobalSection
EndGlobal
